// !$*UTF8*$!
{
	archiveVersion = 1;
	classes = {
	};
	objectVersion = 46;
	objects = {

/* Begin PBXBuildFile section */
		3E6A208C1D0AFE960050548A /* TwitterAccountCredential.swift in Sources */ = {isa = PBXBuildFile; fileRef = 3E6A208B1D0AFE960050548A /* TwitterAccountCredential.swift */; };
		3E9273CD1D0862B80027060F /* AppDelegate.swift in Sources */ = {isa = PBXBuildFile; fileRef = 3E9273CC1D0862B80027060F /* AppDelegate.swift */; };
		3E9273CF1D0862B80027060F /* ViewController.swift in Sources */ = {isa = PBXBuildFile; fileRef = 3E9273CE1D0862B80027060F /* ViewController.swift */; };
		3E9273D21D0862B80027060F /* Main.storyboard in Resources */ = {isa = PBXBuildFile; fileRef = 3E9273D01D0862B80027060F /* Main.storyboard */; };
		3E9273D41D0862B80027060F /* Assets.xcassets in Resources */ = {isa = PBXBuildFile; fileRef = 3E9273D31D0862B80027060F /* Assets.xcassets */; };
		3E9273D71D0862B80027060F /* LaunchScreen.storyboard in Resources */ = {isa = PBXBuildFile; fileRef = 3E9273D51D0862B80027060F /* LaunchScreen.storyboard */; };
		3E9273E71D08BF550027060F /* Extensions.swift in Sources */ = {isa = PBXBuildFile; fileRef = 3E9273E61D08BF550027060F /* Extensions.swift */; };
		3EA6E00F1D09A40A003D294A /* TwitterAPIManager.swift in Sources */ = {isa = PBXBuildFile; fileRef = 3EA6E00E1D09A40A003D294A /* TwitterAPIManager.swift */; };
		3EA6E0121D0AEC45003D294A /* Common.swift in Sources */ = {isa = PBXBuildFile; fileRef = 3EA6E0111D0AEC45003D294A /* Common.swift */; };
		C10ED1CFE82647E89F9AE0E4 /* Pods_OAuthRevTwitterAPI.framework in Frameworks */ = {isa = PBXBuildFile; fileRef = 1378815EBF627A808D4C5D3E /* Pods_OAuthRevTwitterAPI.framework */; };
/* End PBXBuildFile section */

/* Begin PBXFileReference section */
		1378815EBF627A808D4C5D3E /* Pods_OAuthRevTwitterAPI.framework */ = {isa = PBXFileReference; explicitFileType = wrapper.framework; includeInIndex = 0; path = Pods_OAuthRevTwitterAPI.framework; sourceTree = BUILT_PRODUCTS_DIR; };
		3E6A208B1D0AFE960050548A /* TwitterAccountCredential.swift */ = {isa = PBXFileReference; fileEncoding = 4; lastKnownFileType = sourcecode.swift; path = TwitterAccountCredential.swift; sourceTree = "<group>"; };
		3E9273C91D0862B80027060F /* OAuthRevTwitterAPI.app */ = {isa = PBXFileReference; explicitFileType = wrapper.application; includeInIndex = 0; path = OAuthRevTwitterAPI.app; sourceTree = BUILT_PRODUCTS_DIR; };
		3E9273CC1D0862B80027060F /* AppDelegate.swift */ = {isa = PBXFileReference; lastKnownFileType = sourcecode.swift; path = AppDelegate.swift; sourceTree = "<group>"; };
		3E9273CE1D0862B80027060F /* ViewController.swift */ = {isa = PBXFileReference; lastKnownFileType = sourcecode.swift; path = ViewController.swift; sourceTree = "<group>"; };
		3E9273D11D0862B80027060F /* Base */ = {isa = PBXFileReference; lastKnownFileType = file.storyboard; name = Base; path = Base.lproj/Main.storyboard; sourceTree = "<group>"; };
		3E9273D31D0862B80027060F /* Assets.xcassets */ = {isa = PBXFileReference; lastKnownFileType = folder.assetcatalog; path = Assets.xcassets; sourceTree = "<group>"; };
		3E9273D61D0862B80027060F /* Base */ = {isa = PBXFileReference; lastKnownFileType = file.storyboard; name = Base; path = Base.lproj/LaunchScreen.storyboard; sourceTree = "<group>"; };
		3E9273D81D0862B80027060F /* Info.plist */ = {isa = PBXFileReference; lastKnownFileType = text.plist.xml; path = Info.plist; sourceTree = "<group>"; };
		3E9273E31D08656E0027060F /* OAuthRevTwitterAPI-Bridging-Header.h */ = {isa = PBXFileReference; lastKnownFileType = sourcecode.c.h; path = "OAuthRevTwitterAPI-Bridging-Header.h"; sourceTree = "<group>"; };
		3E9273E61D08BF550027060F /* Extensions.swift */ = {isa = PBXFileReference; fileEncoding = 4; lastKnownFileType = sourcecode.swift; path = Extensions.swift; sourceTree = "<group>"; };
		3EA6E00E1D09A40A003D294A /* TwitterAPIManager.swift */ = {isa = PBXFileReference; fileEncoding = 4; lastKnownFileType = sourcecode.swift; path = TwitterAPIManager.swift; sourceTree = "<group>"; };
		3EA6E0111D0AEC45003D294A /* Common.swift */ = {isa = PBXFileReference; fileEncoding = 4; lastKnownFileType = sourcecode.swift; path = Common.swift; sourceTree = "<group>"; };
		9FE4D9487209ABCF8ADC3107 /* Pods-OAuthRevTwitterAPI.release.xcconfig */ = {isa = PBXFileReference; includeInIndex = 1; lastKnownFileType = text.xcconfig; name = "Pods-OAuthRevTwitterAPI.release.xcconfig"; path = "Pods/Target Support Files/Pods-OAuthRevTwitterAPI/Pods-OAuthRevTwitterAPI.release.xcconfig"; sourceTree = "<group>"; };
		F38AC2F37C2AFE34BDF2614B /* Pods-OAuthRevTwitterAPI.debug.xcconfig */ = {isa = PBXFileReference; includeInIndex = 1; lastKnownFileType = text.xcconfig; name = "Pods-OAuthRevTwitterAPI.debug.xcconfig"; path = "Pods/Target Support Files/Pods-OAuthRevTwitterAPI/Pods-OAuthRevTwitterAPI.debug.xcconfig"; sourceTree = "<group>"; };
/* End PBXFileReference section */

/* Begin PBXFrameworksBuildPhase section */
		3E9273C61D0862B80027060F /* Frameworks */ = {
			isa = PBXFrameworksBuildPhase;
			buildActionMask = 2147483647;
			files = (
				C10ED1CFE82647E89F9AE0E4 /* Pods_OAuthRevTwitterAPI.framework in Frameworks */,
			);
			runOnlyForDeploymentPostprocessing = 0;
		};
/* End PBXFrameworksBuildPhase section */

/* Begin PBXGroup section */
		3E9273C01D0862B80027060F = {
			isa = PBXGroup;
			children = (
				3E9273CB1D0862B80027060F /* OAuthRevTwitterAPI */,
				3E9273CA1D0862B80027060F /* Products */,
				B20EAEBCF8AFA6A9F3EE9E70 /* Pods */,
				FD57DD69FA16638CB36A6CEE /* Frameworks */,
			);
			sourceTree = "<group>";
		};
		3E9273CA1D0862B80027060F /* Products */ = {
			isa = PBXGroup;
			children = (
				3E9273C91D0862B80027060F /* OAuthRevTwitterAPI.app */,
			);
			name = Products;
			sourceTree = "<group>";
		};
		3E9273CB1D0862B80027060F /* OAuthRevTwitterAPI */ = {
			isa = PBXGroup;
			children = (
				3EA6E0101D09A410003D294A /* TwitterAPIManager */,
				3EA6E00D1D09A3F7003D294A /* Extensions */,
				3E9273CC1D0862B80027060F /* AppDelegate.swift */,
				3EA6E0111D0AEC45003D294A /* Common.swift */,
				3E6A208B1D0AFE960050548A /* TwitterAccountCredential.swift */,
				3E9273CE1D0862B80027060F /* ViewController.swift */,
				3E9273D01D0862B80027060F /* Main.storyboard */,
				3E9273D31D0862B80027060F /* Assets.xcassets */,
				3E9273D51D0862B80027060F /* LaunchScreen.storyboard */,
				3E9273D81D0862B80027060F /* Info.plist */,
				3E9273E31D08656E0027060F /* OAuthRevTwitterAPI-Bridging-Header.h */,
			);
			path = OAuthRevTwitterAPI;
			sourceTree = "<group>";
		};
		3EA6E00D1D09A3F7003D294A /* Extensions */ = {
			isa = PBXGroup;
			children = (
				3E9273E61D08BF550027060F /* Extensions.swift */,
			);
			name = Extensions;
			sourceTree = "<group>";
		};
		3EA6E0101D09A410003D294A /* TwitterAPIManager */ = {
			isa = PBXGroup;
			children = (
				3EA6E00E1D09A40A003D294A /* TwitterAPIManager.swift */,
			);
			name = TwitterAPIManager;
			sourceTree = "<group>";
		};
		B20EAEBCF8AFA6A9F3EE9E70 /* Pods */ = {
			isa = PBXGroup;
			children = (
				F38AC2F37C2AFE34BDF2614B /* Pods-OAuthRevTwitterAPI.debug.xcconfig */,
				9FE4D9487209ABCF8ADC3107 /* Pods-OAuthRevTwitterAPI.release.xcconfig */,
			);
			name = Pods;
			sourceTree = "<group>";
		};
		FD57DD69FA16638CB36A6CEE /* Frameworks */ = {
			isa = PBXGroup;
			children = (
				1378815EBF627A808D4C5D3E /* Pods_OAuthRevTwitterAPI.framework */,
			);
			name = Frameworks;
			sourceTree = "<group>";
		};
/* End PBXGroup section */

/* Begin PBXNativeTarget section */
		3E9273C81D0862B80027060F /* OAuthRevTwitterAPI */ = {
			isa = PBXNativeTarget;
			buildConfigurationList = 3E9273DB1D0862B80027060F /* Build configuration list for PBXNativeTarget "OAuthRevTwitterAPI" */;
			buildPhases = (
				107B3F8E3BCEECFF8CA07E3F /* [CP] Check Pods Manifest.lock */,
				3E9273C51D0862B80027060F /* Sources */,
				3E9273C61D0862B80027060F /* Frameworks */,
				3E9273C71D0862B80027060F /* Resources */,
				3AE6027D048BFE088876D449 /* [CP] Embed Pods Frameworks */,
				4FDCC283D5AA65CBCFA28575 /* [CP] Copy Pods Resources */,
			);
			buildRules = (
			);
			dependencies = (
			);
			name = OAuthRevTwitterAPI;
			productName = OAuthRevTwitterAPI;
			productReference = 3E9273C91D0862B80027060F /* OAuthRevTwitterAPI.app */;
			productType = "com.apple.product-type.application";
		};
/* End PBXNativeTarget section */

/* Begin PBXProject section */
		3E9273C11D0862B80027060F /* Project object */ = {
			isa = PBXProject;
			attributes = {
				LastSwiftUpdateCheck = 0730;
				LastUpgradeCheck = 0730;
				ORGANIZATIONNAME = AbdouEtt;
				TargetAttributes = {
					3E9273C81D0862B80027060F = {
						CreatedOnToolsVersion = 7.3;
						DevelopmentTeam = BV3PJEZECB;
					};
				};
			};
			buildConfigurationList = 3E9273C41D0862B80027060F /* Build configuration list for PBXProject "OAuthRevTwitterAPI" */;
			compatibilityVersion = "Xcode 3.2";
			developmentRegion = English;
			hasScannedForEncodings = 0;
			knownRegions = (
				en,
				Base,
			);
			mainGroup = 3E9273C01D0862B80027060F;
			productRefGroup = 3E9273CA1D0862B80027060F /* Products */;
			projectDirPath = "";
			projectRoot = "";
			targets = (
				3E9273C81D0862B80027060F /* OAuthRevTwitterAPI */,
			);
		};
/* End PBXProject section */

/* Begin PBXResourcesBuildPhase section */
		3E9273C71D0862B80027060F /* Resources */ = {
			isa = PBXResourcesBuildPhase;
			buildActionMask = 2147483647;
			files = (
				3E9273D71D0862B80027060F /* LaunchScreen.storyboard in Resources */,
				3E9273D41D0862B80027060F /* Assets.xcassets in Resources */,
				3E9273D21D0862B80027060F /* Main.storyboard in Resources */,
			);
			runOnlyForDeploymentPostprocessing = 0;
		};
/* End PBXResourcesBuildPhase section */

/* Begin PBXShellScriptBuildPhase section */
		107B3F8E3BCEECFF8CA07E3F /* [CP] Check Pods Manifest.lock */ = {
			isa = PBXShellScriptBuildPhase;
			buildActionMask = 2147483647;
			files = (
			);
			inputPaths = (
			);
			name = "[CP] Check Pods Manifest.lock";
			outputPaths = (
			);
			runOnlyForDeploymentPostprocessing = 0;
			shellPath = /bin/sh;
			shellScript = "diff \"${PODS_ROOT}/../Podfile.lock\" \"${PODS_ROOT}/Manifest.lock\" > /dev/null\nif [[ $? != 0 ]] ; then\n    cat << EOM\nerror: The sandbox is not in sync with the Podfile.lock. Run 'pod install' or update your CocoaPods installation.\nEOM\n    exit 1\nfi\n";
			showEnvVarsInLog = 0;
		};
		3AE6027D048BFE088876D449 /* [CP] Embed Pods Frameworks */ = {
			isa = PBXShellScriptBuildPhase;
			buildActionMask = 2147483647;
			files = (
			);
			inputPaths = (
			);
			name = "[CP] Embed Pods Frameworks";
			outputPaths = (
			);
			runOnlyForDeploymentPostprocessing = 0;
			shellPath = /bin/sh;
			shellScript = "\"${SRCROOT}/Pods/Target Support Files/Pods-OAuthRevTwitterAPI/Pods-OAuthRevTwitterAPI-frameworks.sh\"\n";
			showEnvVarsInLog = 0;
		};
		4FDCC283D5AA65CBCFA28575 /* [CP] Copy Pods Resources */ = {
			isa = PBXShellScriptBuildPhase;
			buildActionMask = 2147483647;
			files = (
			);
			inputPaths = (
			);
			name = "[CP] Copy Pods Resources";
			outputPaths = (
			);
			runOnlyForDeploymentPostprocessing = 0;
			shellPath = /bin/sh;
			shellScript = "\"${SRCROOT}/Pods/Target Support Files/Pods-OAuthRevTwitterAPI/Pods-OAuthRevTwitterAPI-resources.sh\"\n";
			showEnvVarsInLog = 0;
		};
/* End PBXShellScriptBuildPhase section */

/* Begin PBXSourcesBuildPhase section */
		3E9273C51D0862B80027060F /* Sources */ = {
			isa = PBXSourcesBuildPhase;
			buildActionMask = 2147483647;
			files = (
				3E9273CF1D0862B80027060F /* ViewController.swift in Sources */,
				3E9273E71D08BF550027060F /* Extensions.swift in Sources */,
				3E6A208C1D0AFE960050548A /* TwitterAccountCredential.swift in Sources */,
				3EA6E00F1D09A40A003D294A /* TwitterAPIManager.swift in Sources */,
				3EA6E0121D0AEC45003D294A /* Common.swift in Sources */,
				3E9273CD1D0862B80027060F /* AppDelegate.swift in Sources */,
			);
			runOnlyForDeploymentPostprocessing = 0;
		};
/* End PBXSourcesBuildPhase section */

/* Begin PBXVariantGroup section */
		3E9273D01D0862B80027060F /* Main.storyboard */ = {
			isa = PBXVariantGroup;
			children = (
				3E9273D11D0862B80027060F /* Base */,
			);
			name = Main.storyboard;
			sourceTree = "<group>";
		};
		3E9273D51D0862B80027060F /* LaunchScreen.storyboard */ = {
			isa = PBXVariantGroup;
			children = (
				3E9273D61D0862B80027060F /* Base */,
			);
			name = LaunchScreen.storyboard;
			sourceTree = "<group>";
		};
/* End PBXVariantGroup section */

/* Begin XCBuildConfiguration section */
		3E9273D91D0862B80027060F /* Debug */ = {
			isa = XCBuildConfiguration;
			buildSettings = {
				ALWAYS_SEARCH_USER_PATHS = NO;
				CLANG_ANALYZER_NONNULL = YES;
				CLANG_CXX_LANGUAGE_STANDARD = "gnu++0x";
				CLANG_CXX_LIBRARY = "libc++";
				CLANG_ENABLE_MODULES = YES;
				CLANG_ENABLE_OBJC_ARC = YES;
				CLANG_WARN_BOOL_CONVERSION = YES;
				CLANG_WARN_CONSTANT_CONVERSION = YES;
				CLANG_WARN_DIRECT_OBJC_ISA_USAGE = YES_ERROR;
				CLANG_WARN_EMPTY_BODY = YES;
				CLANG_WARN_ENUM_CONVERSION = YES;
				CLANG_WARN_INT_CONVERSION = YES;
				CLANG_WARN_OBJC_ROOT_CLASS = YES_ERROR;
				CLANG_WARN_UNREACHABLE_CODE = YES;
				CLANG_WARN__DUPLICATE_METHOD_MATCH = YES;
				"CODE_SIGN_IDENTITY[sdk=iphoneos*]" = "iPhone Developer";
				COPY_PHASE_STRIP = NO;
				DEBUG_INFORMATION_FORMAT = dwarf;
				ENABLE_STRICT_OBJC_MSGSEND = YES;
				ENABLE_TESTABILITY = YES;
				GCC_C_LANGUAGE_STANDARD = gnu99;
				GCC_DYNAMIC_NO_PIC = NO;
				GCC_NO_COMMON_BLOCKS = YES;
				GCC_OPTIMIZATION_LEVEL = 0;
				GCC_PREPROCESSOR_DEFINITIONS = (
					"DEBUG=1",
					"$(inherited)",
				);
				GCC_WARN_64_TO_32_BIT_CONVERSION = YES;
				GCC_WARN_ABOUT_RETURN_TYPE = YES_ERROR;
				GCC_WARN_UNDECLARED_SELECTOR = YES;
				GCC_WARN_UNINITIALIZED_AUTOS = YES_AGGRESSIVE;
				GCC_WARN_UNUSED_FUNCTION = YES;
				GCC_WARN_UNUSED_VARIABLE = YES;
				IPHONEOS_DEPLOYMENT_TARGET = 9.3;
				MTL_ENABLE_DEBUG_INFO = YES;
				ONLY_ACTIVE_ARCH = YES;
				SDKROOT = iphoneos;
				SWIFT_OPTIMIZATION_LEVEL = "-Onone";
				TARGETED_DEVICE_FAMILY = "1,2";
			};
			name = Debug;
		};
		3E9273DA1D0862B80027060F /* Release */ = {
			isa = XCBuildConfiguration;
			buildSettings = {
				ALWAYS_SEARCH_USER_PATHS = NO;
				CLANG_ANALYZER_NONNULL = YES;
				CLANG_CXX_LANGUAGE_STANDARD = "gnu++0x";
				CLANG_CXX_LIBRARY = "libc++";
				CLANG_ENABLE_MODULES = YES;
				CLANG_ENABLE_OBJC_ARC = YES;
				CLANG_WARN_BOOL_CONVERSION = YES;
				CLANG_WARN_CONSTANT_CONVERSION = YES;
				CLANG_WARN_DIRECT_OBJC_ISA_USAGE = YES_ERROR;
				CLANG_WARN_EMPTY_BODY = YES;
				CLANG_WARN_ENUM_CONVERSION = YES;
				CLANG_WARN_INT_CONVERSION = YES;
				CLANG_WARN_OBJC_ROOT_CLASS = YES_ERROR;
				CLANG_WARN_UNREACHABLE_CODE = YES;
				CLANG_WARN__DUPLICATE_METHOD_MATCH = YES;
				"CODE_SIGN_IDENTITY[sdk=iphoneos*]" = "iPhone Developer";
				COPY_PHASE_STRIP = NO;
				DEBUG_INFORMATION_FORMAT = "dwarf-with-dsym";
				ENABLE_NS_ASSERTIONS = NO;
				ENABLE_STRICT_OBJC_MSGSEND = YES;
				GCC_C_LANGUAGE_STANDARD = gnu99;
				GCC_NO_COMMON_BLOCKS = YES;
				GCC_WARN_64_TO_32_BIT_CONVERSION = YES;
				GCC_WARN_ABOUT_RETURN_TYPE = YES_ERROR;
				GCC_WARN_UNDECLARED_SELECTOR = YES;
				GCC_WARN_UNINITIALIZED_AUTOS = YES_AGGRESSIVE;
				GCC_WARN_UNUSED_FUNCTION = YES;
				GCC_WARN_UNUSED_VARIABLE = YES;
				IPHONEOS_DEPLOYMENT_TARGET = 9.3;
				MTL_ENABLE_DEBUG_INFO = NO;
				SDKROOT = iphoneos;
				TARGETED_DEVICE_FAMILY = "1,2";
				VALIDATE_PRODUCT = YES;
			};
			name = Release;
		};
		3E9273DC1D0862B80027060F /* Debug */ = {
			isa = XCBuildConfiguration;
			baseConfigurationReference = F38AC2F37C2AFE34BDF2614B /* Pods-OAuthRevTwitterAPI.debug.xcconfig */;
			buildSettings = {
				ASSETCATALOG_COMPILER_APPICON_NAME = AppIcon;
				CLANG_ENABLE_MODULES = YES;
				INFOPLIST_FILE = OAuthRevTwitterAPI/Info.plist;
				LD_RUNPATH_SEARCH_PATHS = "$(inherited) @executable_path/Frameworks";
				PRODUCT_BUNDLE_IDENTIFIER = com.abdou.OAuthRevTwitterAPI;
				PRODUCT_NAME = "$(TARGET_NAME)";
				SWIFT_OBJC_BRIDGING_HEADER = "OAuthRevTwitterAPI/OAuthRevTwitterAPI-Bridging-Header.h";
				SWIFT_OPTIMIZATION_LEVEL = "-Onone";
			};
			name = Debug;
		};
		3E9273DD1D0862B80027060F /* Release */ = {
			isa = XCBuildConfiguration;
			baseConfigurationReference = 9FE4D9487209ABCF8ADC3107 /* Pods-OAuthRevTwitterAPI.release.xcconfig */;
			buildSettings = {
				ASSETCATALOG_COMPILER_APPICON_NAME = AppIcon;
				CLANG_ENABLE_MODULES = YES;
				INFOPLIST_FILE = OAuthRevTwitterAPI/Info.plist;
				LD_RUNPATH_SEARCH_PATHS = "$(inherited) @executable_path/Frameworks";
				PRODUCT_BUNDLE_IDENTIFIER = com.abdou.OAuthRevTwitterAPI;
				PRODUCT_NAME = "$(TARGET_NAME)";
				SWIFT_OBJC_BRIDGING_HEADER = "OAuthRevTwitterAPI/OAuthRevTwitterAPI-Bridging-Header.h";
			};
			name = Release;
		};
/* End XCBuildConfiguration section */

/* Begin XCConfigurationList section */
		3E9273C41D0862B80027060F /* Build configuration list for PBXProject "OAuthRevTwitterAPI" */ = {
			isa = XCConfigurationList;
			buildConfigurations = (
				3E9273D91D0862B80027060F /* Debug */,
				3E9273DA1D0862B80027060F /* Release */,
			);
			defaultConfigurationIsVisible = 0;
			defaultConfigurationName = Release;
		};
		3E9273DB1D0862B80027060F /* Build configuration list for PBXNativeTarget "OAuthRevTwitterAPI" */ = {
			isa = XCConfigurationList;
			buildConfigurations = (
				3E9273DC1D0862B80027060F /* Debug */,
				3E9273DD1D0862B80027060F /* Release */,
			);
			defaultConfigurationIsVisible = 0;
			defaultConfigurationName = Release;
		};
/* End XCConfigurationList section */
	};
	rootObject = 3E9273C11D0862B80027060F /* Project object */;
}
